
Microsoft Visual Studio Solution File, Format Version 12.00
# Visual Studio Version 17
VisualStudioVersion = 17.8.34316.72
MinimumVisualStudioVersion = 10.0.40219.1
Project("{FAE04EC0-301F-11D3-BF4B-00C04F79EFBC}") = "WeatherApp", "WeatherApp\WeatherApp.csproj", "{200E6EB4-35F8-4B37-9351-ECB74E442B01}"
EndProject
Global
	GlobalSection(SolutionConfigurationPlatforms) = preSolution
		Debug|Any CPU = Debug|Any CPU
		Release|Any CPU = Release|Any CPU
	EndGlobalSection
	GlobalSection(ProjectConfigurationPlatforms) = postSolution
		{200E6EB4-35F8-4B37-9351-ECB74E442B01}.Debug|Any CPU.ActiveCfg = Debug|Any CPU
		{200E6EB4-35F8-4B37-9351-ECB74E442B01}.Debug|Any CPU.Build.0 = Debug|Any CPU
		{200E6EB4-35F8-4B37-9351-ECB74E442B01}.Release|Any CPU.ActiveCfg = Release|Any CPU
		{200E6EB4-35F8-4B37-9351-ECB74E442B01}.Release|Any CPU.Build.0 = Release|Any CPU
	EndGlobalSection
	GlobalSection(SolutionProperties) = preSolution
		HideSolutionNode = FALSE
	EndGlobalSection
	GlobalSection(ExtensibilityGlobals) = postSolution
		SolutionGuid = {69730331-37C0-4EC3-B04E-69AFE37979A8}
	EndGlobalSection
EndGlobal
