
Microsoft Visual Studio Solution File, Format Version 12.00
# Visual Studio Version 17
VisualStudioVersion = 17.8.34316.72
MinimumVisualStudioVersion = 10.0.40219.1
Project("{FAE04EC0-301F-11D3-BF4B-00C04F79EFBC}") = "ModerDesign", "ModerDesign\ModerDesign.csproj", "{0CA72DE3-5162-4599-A8BF-2300B78160A6}"
EndProject
Global
	GlobalSection(SolutionConfigurationPlatforms) = preSolution
		Debug|Any CPU = Debug|Any CPU
		Release|Any CPU = Release|Any CPU
	EndGlobalSection
	GlobalSection(ProjectConfigurationPlatforms) = postSolution
		{0CA72DE3-5162-4599-A8BF-2300B78160A6}.Debug|Any CPU.ActiveCfg = Debug|Any CPU
		{0CA72DE3-5162-4599-A8BF-2300B78160A6}.Debug|Any CPU.Build.0 = Debug|Any CPU
		{0CA72DE3-5162-4599-A8BF-2300B78160A6}.Release|Any CPU.ActiveCfg = Release|Any CPU
		{0CA72DE3-5162-4599-A8BF-2300B78160A6}.Release|Any CPU.Build.0 = Release|Any CPU
	EndGlobalSection
	GlobalSection(SolutionProperties) = preSolution
		HideSolutionNode = FALSE
	EndGlobalSection
	GlobalSection(ExtensibilityGlobals) = postSolution
		SolutionGuid = {463BE61F-5B82-4B9D-8592-975AD73FE3BD}
	EndGlobalSection
EndGlobal
