
Microsoft Visual Studio Solution File, Format Version 12.00
# Visual Studio Version 17
VisualStudioVersion = 17.8.34316.72
MinimumVisualStudioVersion = 10.0.40219.1
Project("{FAE04EC0-301F-11D3-BF4B-00C04F79EFBC}") = "RPGGameUI", "RPGGameUI\RPGGameUI.csproj", "{62D5CC10-18F5-41F9-ABD1-852D3E53EFA6}"
EndProject
Global
	GlobalSection(SolutionConfigurationPlatforms) = preSolution
		Debug|Any CPU = Debug|Any CPU
		Release|Any CPU = Release|Any CPU
	EndGlobalSection
	GlobalSection(ProjectConfigurationPlatforms) = postSolution
		{62D5CC10-18F5-41F9-ABD1-852D3E53EFA6}.Debug|Any CPU.ActiveCfg = Debug|Any CPU
		{62D5CC10-18F5-41F9-ABD1-852D3E53EFA6}.Debug|Any CPU.Build.0 = Debug|Any CPU
		{62D5CC10-18F5-41F9-ABD1-852D3E53EFA6}.Release|Any CPU.ActiveCfg = Release|Any CPU
		{62D5CC10-18F5-41F9-ABD1-852D3E53EFA6}.Release|Any CPU.Build.0 = Release|Any CPU
	EndGlobalSection
	GlobalSection(SolutionProperties) = preSolution
		HideSolutionNode = FALSE
	EndGlobalSection
	GlobalSection(ExtensibilityGlobals) = postSolution
		SolutionGuid = {8A693BB1-8C00-4B76-800B-A41A2880E489}
	EndGlobalSection
EndGlobal
