
Microsoft Visual Studio Solution File, Format Version 12.00
# Visual Studio Version 17
VisualStudioVersion = 17.8.34316.72
MinimumVisualStudioVersion = 10.0.40219.1
Project("{FAE04EC0-301F-11D3-BF4B-00C04F79EFBC}") = "DesktopContactsApp", "DesktopContactsApp\DesktopContactsApp.csproj", "{46B166BB-C2EA-4F6F-9244-3C816E055780}"
EndProject
Global
	GlobalSection(SolutionConfigurationPlatforms) = preSolution
		Debug|Any CPU = Debug|Any CPU
		Release|Any CPU = Release|Any CPU
	EndGlobalSection
	GlobalSection(ProjectConfigurationPlatforms) = postSolution
		{46B166BB-C2EA-4F6F-9244-3C816E055780}.Debug|Any CPU.ActiveCfg = Debug|Any CPU
		{46B166BB-C2EA-4F6F-9244-3C816E055780}.Debug|Any CPU.Build.0 = Debug|Any CPU
		{46B166BB-C2EA-4F6F-9244-3C816E055780}.Release|Any CPU.ActiveCfg = Release|Any CPU
		{46B166BB-C2EA-4F6F-9244-3C816E055780}.Release|Any CPU.Build.0 = Release|Any CPU
	EndGlobalSection
	GlobalSection(SolutionProperties) = preSolution
		HideSolutionNode = FALSE
	EndGlobalSection
	GlobalSection(ExtensibilityGlobals) = postSolution
		SolutionGuid = {0AC5C374-751F-4E0C-A0B6-87F29CB5A1B7}
	EndGlobalSection
EndGlobal
